// !$*UTF8*$!
{
	archiveVersion = 1;
	classes = {
	};
	objectVersion = 46;
	objects = {

/* Begin PBXBuildFile section */
		079D88D01B11227700509BE7 /* AppDelegate.swift in Sources */ = {isa = PBXBuildFile; fileRef = 079D88CF1B11227700509BE7 /* AppDelegate.swift */; };
		079D88D21B11227700509BE7 /* ViewController.swift in Sources */ = {isa = PBXBuildFile; fileRef = 079D88D11B11227700509BE7 /* ViewController.swift */; };
		079D88D51B11227700509BE7 /* Main.storyboard in Resources */ = {isa = PBXBuildFile; fileRef = 079D88D31B11227700509BE7 /* Main.storyboard */; };
		079D88D71B11227700509BE7 /* Images.xcassets in Resources */ = {isa = PBXBuildFile; fileRef = 079D88D61B11227700509BE7 /* Images.xcassets */; };
		079D88DA1B11227700509BE7 /* LaunchScreen.xib in Resources */ = {isa = PBXBuildFile; fileRef = 079D88D81B11227700509BE7 /* LaunchScreen.xib */; };
		079D88E61B11227700509BE7 /* PlaygroundsTests.swift in Sources */ = {isa = PBXBuildFile; fileRef = 079D88E51B11227700509BE7 /* PlaygroundsTests.swift */; };
/* End PBXBuildFile section */

/* Begin PBXContainerItemProxy section */
		079D88E01B11227700509BE7 /* PBXContainerItemProxy */ = {
			isa = PBXContainerItemProxy;
			containerPortal = 079D88C21B11227700509BE7 /* Project object */;
			proxyType = 1;
			remoteGlobalIDString = 079D88C91B11227700509BE7;
			remoteInfo = Playgrounds;
		};
/* End PBXContainerItemProxy section */

/* Begin PBXFileReference section */
		079D88CA1B11227700509BE7 /* Playgrounds.app */ = {isa = PBXFileReference; explicitFileType = wrapper.application; includeInIndex = 0; path = Playgrounds.app; sourceTree = BUILT_PRODUCTS_DIR; };
		079D88CE1B11227700509BE7 /* Info.plist */ = {isa = PBXFileReference; lastKnownFileType = text.plist.xml; path = Info.plist; sourceTree = "<group>"; };
		079D88CF1B11227700509BE7 /* AppDelegate.swift */ = {isa = PBXFileReference; lastKnownFileType = sourcecode.swift; path = AppDelegate.swift; sourceTree = "<group>"; };
		079D88D11B11227700509BE7 /* ViewController.swift */ = {isa = PBXFileReference; lastKnownFileType = sourcecode.swift; path = ViewController.swift; sourceTree = "<group>"; };
		079D88D41B11227700509BE7 /* Base */ = {isa = PBXFileReference; lastKnownFileType = file.storyboard; name = Base; path = Base.lproj/Main.storyboard; sourceTree = "<group>"; };
		079D88D61B11227700509BE7 /* Images.xcassets */ = {isa = PBXFileReference; lastKnownFileType = folder.assetcatalog; path = Images.xcassets; sourceTree = "<group>"; };
		079D88D91B11227700509BE7 /* Base */ = {isa = PBXFileReference; lastKnownFileType = file.xib; name = Base; path = Base.lproj/LaunchScreen.xib; sourceTree = "<group>"; };
		079D88DF1B11227700509BE7 /* PlaygroundsTests.xctest */ = {isa = PBXFileReference; explicitFileType = wrapper.cfbundle; includeInIndex = 0; path = PlaygroundsTests.xctest; sourceTree = BUILT_PRODUCTS_DIR; };
		079D88E41B11227700509BE7 /* Info.plist */ = {isa = PBXFileReference; lastKnownFileType = text.plist.xml; path = Info.plist; sourceTree = "<group>"; };
		079D88E51B11227700509BE7 /* PlaygroundsTests.swift */ = {isa = PBXFileReference; lastKnownFileType = sourcecode.swift; path = PlaygroundsTests.swift; sourceTree = "<group>"; };
/* End PBXFileReference section */

/* Begin PBXFrameworksBuildPhase section */
		079D88C71B11227700509BE7 /* Frameworks */ = {
			isa = PBXFrameworksBuildPhase;
			buildActionMask = 2147483647;
			files = (
			);
			runOnlyForDeploymentPostprocessing = 0;
		};
		079D88DC1B11227700509BE7 /* Frameworks */ = {
			isa = PBXFrameworksBuildPhase;
			buildActionMask = 2147483647;
			files = (
			);
			runOnlyForDeploymentPostprocessing = 0;
		};
/* End PBXFrameworksBuildPhase section */

/* Begin PBXGroup section */
		079D88C11B11227700509BE7 = {
			isa = PBXGroup;
			children = (
				079D88CC1B11227700509BE7 /* Playgrounds */,
				079D88E21B11227700509BE7 /* PlaygroundsTests */,
				079D88CB1B11227700509BE7 /* Products */,
			);
			sourceTree = "<group>";
		};
		079D88CB1B11227700509BE7 /* Products */ = {
			isa = PBXGroup;
			children = (
				079D88CA1B11227700509BE7 /* Playgrounds.app */,
				079D88DF1B11227700509BE7 /* PlaygroundsTests.xctest */,
			);
			name = Products;
			sourceTree = "<group>";
		};
		079D88CC1B11227700509BE7 /* Playgrounds */ = {
			isa = PBXGroup;
			children = (
				079D88CF1B11227700509BE7 /* AppDelegate.swift */,
				079D88D11B11227700509BE7 /* ViewController.swift */,
				079D88D31B11227700509BE7 /* Main.storyboard */,
				079D88D61B11227700509BE7 /* Images.xcassets */,
				079D88D81B11227700509BE7 /* LaunchScreen.xib */,
				079D88CD1B11227700509BE7 /* Supporting Files */,
			);
			path = Playgrounds;
			sourceTree = "<group>";
		};
		079D88CD1B11227700509BE7 /* Supporting Files */ = {
			isa = PBXGroup;
			children = (
				079D88CE1B11227700509BE7 /* Info.plist */,
			);
			name = "Supporting Files";
			sourceTree = "<group>";
		};
		079D88E21B11227700509BE7 /* PlaygroundsTests */ = {
			isa = PBXGroup;
			children = (
				079D88E51B11227700509BE7 /* PlaygroundsTests.swift */,
				079D88E31B11227700509BE7 /* Supporting Files */,
			);
			path = PlaygroundsTests;
			sourceTree = "<group>";
		};
		079D88E31B11227700509BE7 /* Supporting Files */ = {
			isa = PBXGroup;
			children = (
				079D88E41B11227700509BE7 /* Info.plist */,
			);
			name = "Supporting Files";
			sourceTree = "<group>";
		};
/* End PBXGroup section */

/* Begin PBXNativeTarget section */
		079D88C91B11227700509BE7 /* Playgrounds */ = {
			isa = PBXNativeTarget;
			buildConfigurationList = 079D88E91B11227700509BE7 /* Build configuration list for PBXNativeTarget "Playgrounds" */;
			buildPhases = (
				079D88C61B11227700509BE7 /* Sources */,
				079D88C71B11227700509BE7 /* Frameworks */,
				079D88C81B11227700509BE7 /* Resources */,
			);
			buildRules = (
			);
			dependencies = (
			);
			name = Playgrounds;
			productName = Playgrounds;
			productReference = 079D88CA1B11227700509BE7 /* Playgrounds.app */;
			productType = "com.apple.product-type.application";
		};
		079D88DE1B11227700509BE7 /* PlaygroundsTests */ = {
			isa = PBXNativeTarget;
			buildConfigurationList = 079D88EC1B11227700509BE7 /* Build configuration list for PBXNativeTarget "PlaygroundsTests" */;
			buildPhases = (
				079D88DB1B11227700509BE7 /* Sources */,
				079D88DC1B11227700509BE7 /* Frameworks */,
				079D88DD1B11227700509BE7 /* Resources */,
			);
			buildRules = (
			);
			dependencies = (
				079D88E11B11227700509BE7 /* PBXTargetDependency */,
			);
			name = PlaygroundsTests;
			productName = PlaygroundsTests;
			productReference = 079D88DF1B11227700509BE7 /* PlaygroundsTests.xctest */;
			productType = "com.apple.product-type.bundle.unit-test";
		};
/* End PBXNativeTarget section */

/* Begin PBXProject section */
		079D88C21B11227700509BE7 /* Project object */ = {
			isa = PBXProject;
			attributes = {
				LastUpgradeCheck = 0630;
				ORGANIZATIONNAME = "Brandon Harvey";
				TargetAttributes = {
					079D88C91B11227700509BE7 = {
						CreatedOnToolsVersion = 6.3.2;
					};
					079D88DE1B11227700509BE7 = {
						CreatedOnToolsVersion = 6.3.2;
						TestTargetID = 079D88C91B11227700509BE7;
					};
				};
			};
			buildConfigurationList = 079D88C51B11227700509BE7 /* Build configuration list for PBXProject "Playgrounds" */;
			compatibilityVersion = "Xcode 3.2";
			developmentRegion = English;
			hasScannedForEncodings = 0;
			knownRegions = (
				en,
				Base,
			);
			mainGroup = 079D88C11B11227700509BE7;
			productRefGroup = 079D88CB1B11227700509BE7 /* Products */;
			projectDirPath = "";
			projectRoot = "";
			targets = (
				079D88C91B11227700509BE7 /* Playgrounds */,
				079D88DE1B11227700509BE7 /* PlaygroundsTests */,
			);
		};
/* End PBXProject section */

/* Begin PBXResourcesBuildPhase section */
		079D88C81B11227700509BE7 /* Resources */ = {
			isa = PBXResourcesBuildPhase;
			buildActionMask = 2147483647;
			files = (
				079D88D51B11227700509BE7 /* Main.storyboard in Resources */,
				079D88DA1B11227700509BE7 /* LaunchScreen.xib in Resources */,
				079D88D71B11227700509BE7 /* Images.xcassets in Resources */,
			);
			runOnlyForDeploymentPostprocessing = 0;
		};
		079D88DD1B11227700509BE7 /* Resources */ = {
			isa = PBXResourcesBuildPhase;
			buildActionMask = 2147483647;
			files = (
			);
			runOnlyForDeploymentPostprocessing = 0;
		};
/* End PBXResourcesBuildPhase section */

/* Begin PBXSourcesBuildPhase section */
		079D88C61B11227700509BE7 /* Sources */ = {
			isa = PBXSourcesBuildPhase;
			buildActionMask = 2147483647;
			files = (
				079D88D21B11227700509BE7 /* ViewController.swift in Sources */,
				079D88D01B11227700509BE7 /* AppDelegate.swift in Sources */,
			);
			runOnlyForDeploymentPostprocessing = 0;
		};
		079D88DB1B11227700509BE7 /* Sources */ = {
			isa = PBXSourcesBuildPhase;
			buildActionMask = 2147483647;
			files = (
				079D88E61B11227700509BE7 /* PlaygroundsTests.swift in Sources */,
			);
			runOnlyForDeploymentPostprocessing = 0;
		};
/* End PBXSourcesBuildPhase section */

/* Begin PBXTargetDependency section */
		079D88E11B11227700509BE7 /* PBXTargetDependency */ = {
			isa = PBXTargetDependency;
			target = 079D88C91B11227700509BE7 /* Playgrounds */;
			targetProxy = 079D88E01B11227700509BE7 /* PBXContainerItemProxy */;
		};
/* End PBXTargetDependency section */

/* Begin PBXVariantGroup section */
		079D88D31B11227700509BE7 /* Main.storyboard */ = {
			isa = PBXVariantGroup;
			children = (
				079D88D41B11227700509BE7 /* Base */,
			);
			name = Main.storyboard;
			sourceTree = "<group>";
		};
		079D88D81B11227700509BE7 /* LaunchScreen.xib */ = {
			isa = PBXVariantGroup;
			children = (
				079D88D91B11227700509BE7 /* Base */,
			);
			name = LaunchScreen.xib;
			sourceTree = "<group>";
		};
/* End PBXVariantGroup section */

/* Begin XCBuildConfiguration section */
		079D88E71B11227700509BE7 /* Debug */ = {
			isa = XCBuildConfiguration;
			buildSettings = {
				ALWAYS_SEARCH_USER_PATHS = NO;
				CLANG_CXX_LANGUAGE_STANDARD = "gnu++0x";
				CLANG_CXX_LIBRARY = "libc++";
				CLANG_ENABLE_MODULES = YES;
				CLANG_ENABLE_OBJC_ARC = YES;
				CLANG_WARN_BOOL_CONVERSION = YES;
				CLANG_WARN_CONSTANT_CONVERSION = YES;
				CLANG_WARN_DIRECT_OBJC_ISA_USAGE = YES_ERROR;
				CLANG_WARN_EMPTY_BODY = YES;
				CLANG_WARN_ENUM_CONVERSION = YES;
				CLANG_WARN_INT_CONVERSION = YES;
				CLANG_WARN_OBJC_ROOT_CLASS = YES_ERROR;
				CLANG_WARN_UNREACHABLE_CODE = YES;
				CLANG_WARN__DUPLICATE_METHOD_MATCH = YES;
				"CODE_SIGN_IDENTITY[sdk=iphoneos*]" = "iPhone Developer";
				COPY_PHASE_STRIP = NO;
				DEBUG_INFORMATION_FORMAT = "dwarf-with-dsym";
				ENABLE_STRICT_OBJC_MSGSEND = YES;
				GCC_C_LANGUAGE_STANDARD = gnu99;
				GCC_DYNAMIC_NO_PIC = NO;
				GCC_NO_COMMON_BLOCKS = YES;
				GCC_OPTIMIZATION_LEVEL = 0;
				GCC_PREPROCESSOR_DEFINITIONS = (
					"DEBUG=1",
					"$(inherited)",
				);
				GCC_SYMBOLS_PRIVATE_EXTERN = NO;
				GCC_WARN_64_TO_32_BIT_CONVERSION = YES;
				GCC_WARN_ABOUT_RETURN_TYPE = YES_ERROR;
				GCC_WARN_UNDECLARED_SELECTOR = YES;
				GCC_WARN_UNINITIALIZED_AUTOS = YES_AGGRESSIVE;
				GCC_WARN_UNUSED_FUNCTION = YES;
				GCC_WARN_UNUSED_VARIABLE = YES;
				IPHONEOS_DEPLOYMENT_TARGET = 8.3;
				MTL_ENABLE_DEBUG_INFO = YES;
				ONLY_ACTIVE_ARCH = YES;
				SDKROOT = iphoneos;
				SWIFT_OPTIMIZATION_LEVEL = "-Onone";
			};
			name = Debug;
		};
		079D88E81B11227700509BE7 /* Release */ = {
			isa = XCBuildConfiguration;
			buildSettings = {
				ALWAYS_SEARCH_USER_PATHS = NO;
				CLANG_CXX_LANGUAGE_STANDARD = "gnu++0x";
				CLANG_CXX_LIBRARY = "libc++";
				CLANG_ENABLE_MODULES = YES;
				CLANG_ENABLE_OBJC_ARC = YES;
				CLANG_WARN_BOOL_CONVERSION = YES;
				CLANG_WARN_CONSTANT_CONVERSION = YES;
				CLANG_WARN_DIRECT_OBJC_ISA_USAGE = YES_ERROR;
				CLANG_WARN_EMPTY_BODY = YES;
				CLANG_WARN_ENUM_CONVERSION = YES;
				CLANG_WARN_INT_CONVERSION = YES;
				CLANG_WARN_OBJC_ROOT_CLASS = YES_ERROR;
				CLANG_WARN_UNREACHABLE_CODE = YES;
				CLANG_WARN__DUPLICATE_METHOD_MATCH = YES;
				"CODE_SIGN_IDENTITY[sdk=iphoneos*]" = "iPhone Developer";
				COPY_PHASE_STRIP = NO;
				DEBUG_INFORMATION_FORMAT = "dwarf-with-dsym";
				ENABLE_NS_ASSERTIONS = NO;
				ENABLE_STRICT_OBJC_MSGSEND = YES;
				GCC_C_LANGUAGE_STANDARD = gnu99;
				GCC_NO_COMMON_BLOCKS = YES;
				GCC_WARN_64_TO_32_BIT_CONVERSION = YES;
				GCC_WARN_ABOUT_RETURN_TYPE = YES_ERROR;
				GCC_WARN_UNDECLARED_SELECTOR = YES;
				GCC_WARN_UNINITIALIZED_AUTOS = YES_AGGRESSIVE;
				GCC_WARN_UNUSED_FUNCTION = YES;
				GCC_WARN_UNUSED_VARIABLE = YES;
				IPHONEOS_DEPLOYMENT_TARGET = 8.3;
				MTL_ENABLE_DEBUG_INFO = NO;
				SDKROOT = iphoneos;
				VALIDATE_PRODUCT = YES;
			};
			name = Release;
		};
		079D88EA1B11227700509BE7 /* Debug */ = {
			isa = XCBuildConfiguration;
			buildSettings = {
				ASSETCATALOG_COMPILER_APPICON_NAME = AppIcon;
				INFOPLIST_FILE = Playgrounds/Info.plist;
				LD_RUNPATH_SEARCH_PATHS = "$(inherited) @executable_path/Frameworks";
				PRODUCT_NAME = "$(TARGET_NAME)";
			};
			name = Debug;
		};
		079D88EB1B11227700509BE7 /* Release */ = {
			isa = XCBuildConfiguration;
			buildSettings = {
				ASSETCATALOG_COMPILER_APPICON_NAME = AppIcon;
				INFOPLIST_FILE = Playgrounds/Info.plist;
				LD_RUNPATH_SEARCH_PATHS = "$(inherited) @executable_path/Frameworks";
				PRODUCT_NAME = "$(TARGET_NAME)";
			};
			name = Release;
		};
		079D88ED1B11227700509BE7 /* Debug */ = {
			isa = XCBuildConfiguration;
			buildSettings = {
				BUNDLE_LOADER = "$(TEST_HOST)";
				FRAMEWORK_SEARCH_PATHS = (
					"$(SDKROOT)/Developer/Library/Frameworks",
					"$(inherited)",
				);
				GCC_PREPROCESSOR_DEFINITIONS = (
					"DEBUG=1",
					"$(inherited)",
				);
				INFOPLIST_FILE = PlaygroundsTests/Info.plist;
				LD_RUNPATH_SEARCH_PATHS = "$(inherited) @executable_path/Frameworks @loader_path/Frameworks";
				PRODUCT_NAME = "$(TARGET_NAME)";
				TEST_HOST = "$(BUILT_PRODUCTS_DIR)/Playgrounds.app/Playgrounds";
			};
			name = Debug;
		};
		079D88EE1B11227700509BE7 /* Release */ = {
			isa = XCBuildConfiguration;
			buildSettings = {
				BUNDLE_LOADER = "$(TEST_HOST)";
				FRAMEWORK_SEARCH_PATHS = (
					"$(SDKROOT)/Developer/Library/Frameworks",
					"$(inherited)",
				);
				INFOPLIST_FILE = PlaygroundsTests/Info.plist;
				LD_RUNPATH_SEARCH_PATHS = "$(inherited) @executable_path/Frameworks @loader_path/Frameworks";
				PRODUCT_NAME = "$(TARGET_NAME)";
				TEST_HOST = "$(BUILT_PRODUCTS_DIR)/Playgrounds.app/Playgrounds";
			};
			name = Release;
		};
/* End XCBuildConfiguration section */

/* Begin XCConfigurationList section */
		079D88C51B11227700509BE7 /* Build configuration list for PBXProject "Playgrounds" */ = {
			isa = XCConfigurationList;
			buildConfigurations = (
				079D88E71B11227700509BE7 /* Debug */,
				079D88E81B11227700509BE7 /* Release */,
			);
			defaultConfigurationIsVisible = 0;
			defaultConfigurationName = Release;
		};
		079D88E91B11227700509BE7 /* Build configuration list for PBXNativeTarget "Playgrounds" */ = {
			isa = XCConfigurationList;
			buildConfigurations = (
				079D88EA1B11227700509BE7 /* Debug */,
				079D88EB1B11227700509BE7 /* Release */,
			);
			defaultConfigurationIsVisible = 0;
		};
		079D88EC1B11227700509BE7 /* Build configuration list for PBXNativeTarget "PlaygroundsTests" */ = {
			isa = XCConfigurationList;
			buildConfigurations = (
				079D88ED1B11227700509BE7 /* Debug */,
				079D88EE1B11227700509BE7 /* Release */,
			);
			defaultConfigurationIsVisible = 0;
		};
/* End XCConfigurationList section */
	};
	rootObject = 079D88C21B11227700509BE7 /* Project object */;
}
